
Microsoft Visual Studio Solution File, Format Version 12.00
# Visual Studio Version 17
VisualStudioVersion = 17.0.31903.59
MinimumVisualStudioVersion = 10.0.40219.1
Project("{FAE04EC0-301F-11D3-BF4B-00C04F79EFBC}") = "Lab1", "Lab 1\Lab1.csproj", "{362AD2A9-FADA-417C-A75B-8A3672F59079}"
EndProject
Project("{FAE04EC0-301F-11D3-BF4B-00C04F79EFBC}") = "Tests", "Lab 1 Tests\Tests.csproj", "{4007FC45-E0DD-40EA-B882-A32CE4FBB2D7}"
EndProject
Global
	GlobalSection(SolutionConfigurationPlatforms) = preSolution
		Debug|Any CPU = Debug|Any CPU
		Release|Any CPU = Release|Any CPU
	EndGlobalSection
	GlobalSection(SolutionProperties) = preSolution
		HideSolutionNode = FALSE
	EndGlobalSection
	GlobalSection(ProjectConfigurationPlatforms) = postSolution
		{362AD2A9-FADA-417C-A75B-8A3672F59079}.Debug|Any CPU.ActiveCfg = Debug|Any CPU
		{362AD2A9-FADA-417C-A75B-8A3672F59079}.Debug|Any CPU.Build.0 = Debug|Any CPU
		{362AD2A9-FADA-417C-A75B-8A3672F59079}.Release|Any CPU.ActiveCfg = Release|Any CPU
		{362AD2A9-FADA-417C-A75B-8A3672F59079}.Release|Any CPU.Build.0 = Release|Any CPU
		{4007FC45-E0DD-40EA-B882-A32CE4FBB2D7}.Debug|Any CPU.ActiveCfg = Debug|Any CPU
		{4007FC45-E0DD-40EA-B882-A32CE4FBB2D7}.Debug|Any CPU.Build.0 = Debug|Any CPU
		{4007FC45-E0DD-40EA-B882-A32CE4FBB2D7}.Release|Any CPU.ActiveCfg = Release|Any CPU
		{4007FC45-E0DD-40EA-B882-A32CE4FBB2D7}.Release|Any CPU.Build.0 = Release|Any CPU
	EndGlobalSection
EndGlobal
